
Microsoft Visual Studio Solution File, Format Version 12.00
# Visual Studio Version 16
VisualStudioVersion = 16.0.29324.140
MinimumVisualStudioVersion = 10.0.40219.1
Project("{FAE04EC0-301F-11D3-BF4B-00C04F79EFBC}") = "OutlookCOMM.COM", "OutlookCOMM.COM\OutlookCOMM.COM.csproj", "{EDB95749-B06A-4E88-8CF6-4F6E8DA2DF7E}"
EndProject
Project("{FAE04EC0-301F-11D3-BF4B-00C04F79EFBC}") = "OutlookCOMM.Test", "OutlookCOMM.Test\OutlookCOMM.Test.csproj", "{E96909B2-1DF1-4C90-8564-C3DAC6A95F87}"
EndProject
Project("{FAE04EC0-301F-11D3-BF4B-00C04F79EFBC}") = "OutlookCOMM.NET", "OutlookCOMM.NET\OutlookCOMM.NET.csproj", "{3632F6E1-09D5-424A-8E59-C7958BE49703}"
EndProject
Project("{D954291E-2A0B-460D-934E-DC6B0785DB48}") = "OutlookCOMM.Core", "OutlookCOMM.Core\OutlookCOMM.Core.shproj", "{9DB8B720-D948-41C7-A83B-06D075F4E825}"
EndProject
Global
	GlobalSection(SharedMSBuildProjectFiles) = preSolution
		OutlookCOMM.Core\OutlookCOMM.Core.projitems*{3632f6e1-09d5-424a-8e59-c7958be49703}*SharedItemsImports = 4
		OutlookCOMM.Core\OutlookCOMM.Core.projitems*{9db8b720-d948-41c7-a83b-06d075f4e825}*SharedItemsImports = 13
		OutlookCOMM.Core\OutlookCOMM.Core.projitems*{edb95749-b06a-4e88-8cf6-4f6e8da2df7e}*SharedItemsImports = 4
	EndGlobalSection
	GlobalSection(SolutionConfigurationPlatforms) = preSolution
		Debug|Any CPU = Debug|Any CPU
		Release|Any CPU = Release|Any CPU
	EndGlobalSection
	GlobalSection(ProjectConfigurationPlatforms) = postSolution
		{EDB95749-B06A-4E88-8CF6-4F6E8DA2DF7E}.Debug|Any CPU.ActiveCfg = Debug|Any CPU
		{EDB95749-B06A-4E88-8CF6-4F6E8DA2DF7E}.Debug|Any CPU.Build.0 = Debug|Any CPU
		{EDB95749-B06A-4E88-8CF6-4F6E8DA2DF7E}.Release|Any CPU.ActiveCfg = Release|Any CPU
		{EDB95749-B06A-4E88-8CF6-4F6E8DA2DF7E}.Release|Any CPU.Build.0 = Release|Any CPU
		{E96909B2-1DF1-4C90-8564-C3DAC6A95F87}.Debug|Any CPU.ActiveCfg = Debug|Any CPU
		{E96909B2-1DF1-4C90-8564-C3DAC6A95F87}.Debug|Any CPU.Build.0 = Debug|Any CPU
		{E96909B2-1DF1-4C90-8564-C3DAC6A95F87}.Release|Any CPU.ActiveCfg = Release|Any CPU
		{E96909B2-1DF1-4C90-8564-C3DAC6A95F87}.Release|Any CPU.Build.0 = Release|Any CPU
		{3632F6E1-09D5-424A-8E59-C7958BE49703}.Debug|Any CPU.ActiveCfg = Debug|Any CPU
		{3632F6E1-09D5-424A-8E59-C7958BE49703}.Debug|Any CPU.Build.0 = Debug|Any CPU
		{3632F6E1-09D5-424A-8E59-C7958BE49703}.Release|Any CPU.ActiveCfg = Release|Any CPU
		{3632F6E1-09D5-424A-8E59-C7958BE49703}.Release|Any CPU.Build.0 = Release|Any CPU
	EndGlobalSection
	GlobalSection(SolutionProperties) = preSolution
		HideSolutionNode = FALSE
	EndGlobalSection
	GlobalSection(ExtensibilityGlobals) = postSolution
		SolutionGuid = {BCE1BD77-8671-495B-81F9-5B7A964C1205}
	EndGlobalSection
EndGlobal
